
Microsoft Visual Studio Solution File, Format Version 12.00
# Visual Studio Version 17
VisualStudioVersion = 17.14.37012.4
MinimumVisualStudioVersion = 10.0.40219.1
Project("{FAE04EC0-301F-11D3-BF4B-00C04F79EFBC}") = "ClinicaAPI", "ClinicaAPI.csproj", "{BE8C21B8-276C-4A8D-B94D-EA98B689D646}"
EndProject
Project("{FAE04EC0-301F-11D3-BF4B-00C04F79EFBC}") = "ClinicaAPI.Tests", "..\ClinicaAPI.Tests\ClinicaAPI.Tests.csproj", "{4762B07A-29F0-47BD-AE1F-C59A3F8E0BEC}"
EndProject
Global
	GlobalSection(SolutionConfigurationPlatforms) = preSolution
		Debug|Any CPU = Debug|Any CPU
		Release|Any CPU = Release|Any CPU
	EndGlobalSection
	GlobalSection(ProjectConfigurationPlatforms) = postSolution
		{BE8C21B8-276C-4A8D-B94D-EA98B689D646}.Debug|Any CPU.ActiveCfg = Debug|Any CPU
		{BE8C21B8-276C-4A8D-B94D-EA98B689D646}.Debug|Any CPU.Build.0 = Debug|Any CPU
		{BE8C21B8-276C-4A8D-B94D-EA98B689D646}.Release|Any CPU.ActiveCfg = Release|Any CPU
		{BE8C21B8-276C-4A8D-B94D-EA98B689D646}.Release|Any CPU.Build.0 = Release|Any CPU
		{4762B07A-29F0-47BD-AE1F-C59A3F8E0BEC}.Debug|Any CPU.ActiveCfg = Debug|Any CPU
		{4762B07A-29F0-47BD-AE1F-C59A3F8E0BEC}.Debug|Any CPU.Build.0 = Debug|Any CPU
		{4762B07A-29F0-47BD-AE1F-C59A3F8E0BEC}.Release|Any CPU.ActiveCfg = Release|Any CPU
		{4762B07A-29F0-47BD-AE1F-C59A3F8E0BEC}.Release|Any CPU.Build.0 = Release|Any CPU
	EndGlobalSection
	GlobalSection(SolutionProperties) = preSolution
		HideSolutionNode = FALSE
	EndGlobalSection
	GlobalSection(ExtensibilityGlobals) = postSolution
		SolutionGuid = {E7B77CEC-EFEB-4B87-A755-92250F36AEB5}
	EndGlobalSection
EndGlobal
